github.com/gin-gonic/gin v1.11.0/go.mod h1:+iq/FyxlGzII0KHiBGjuNn4UNENUlKbGlNmc+W50Dls=
github.com/golang-jwt/jwt/v4 v4.5.2/go.mod h1:m21LjoU+eqJr34lmDMbreY2eSTRJ1cv77w39/MY0Ch0=
github.com/joho/godotenv v1.5.1/go.mod h1:f4LDr5Voq0i2e/R5DDNOoa2zzDfwtkZa6DnEwAbqwq4=
github.com/nats-io/nats.go v1.49.0/go.mod h1:fDCn3mN5cY8HooHwE2ukiLb4p4G4ImmzvXyJt+tGwdw=
go.uber.org/fx v1.24.0/go.mod h1:AmDeGyS+ZARGKM4tlH4FY2Jr63VjbEDJHtqXTGP5hbo=
golang.org/x/crypto v0.47.0/go.mod h1:ff3Y9VzzKbwSSEzWqJsJVBnWmRwRSHt/6Op5n9bQc4A=
gorm.io/driver/postgres v1.6.0/go.mod h1:vUw0mrGgrTK+uPHEhAdV4sfFELrByKVGnaVRkXDhtWo=
gorm.io/gorm v1.31.1/go.mod h1:XyQVbO2k6YkOis7C2437jSit3SsDK72s7n7rsSHd+Gs=
